{
  "version": 4,
  "terraform_version": "1.9.5",
  "serial": 9,
  "lineage": "46ae19e9-8398-6244-99cc-5d41d5085b5f",
  "outputs": {},
  "resources": [
    {
      "mode": "managed",
      "type": "aws_iam_user",
      "name": "name",
      "provider": "provider[\"registry.terraform.io/hashicorp/aws\"]",
      "instances": [
        {
          "schema_version": 0,
          "attributes": {
            "arn": "arn:aws:iam::211125643379:user/UserforEC2",
            "force_destroy": false,
            "id": "UserforEC2",
            "name": "UserforEC2",
            "path": "/",
            "permissions_boundary": "",
            "tags": null,
            "tags_all": {},
            "unique_id": "AIDATCKARVBZYM2US65NE"
          },
          "sensitive_attributes": [],
          "private": "bnVsbA=="
        }
      ]
    }
  ],
  "check_results": null
}
